
Microsoft Visual Studio Solution File, Format Version 12.00
# Visual Studio Version 17
VisualStudioVersion = 17.5.33424.131
MinimumVisualStudioVersion = 10.0.40219.1
Project("{FAE04EC0-301F-11D3-BF4B-00C04F79EFBC}") = "Task6LiskovSubstituonPrensible", "Task6LiskovSubstituonPrensible\Task6LiskovSubstituonPrensible.csproj", "{B646C26F-6ECB-4994-9A49-4DD5BA08AEF5}"
EndProject
Global
	GlobalSection(SolutionConfigurationPlatforms) = preSolution
		Debug|Any CPU = Debug|Any CPU
		Release|Any CPU = Release|Any CPU
	EndGlobalSection
	GlobalSection(ProjectConfigurationPlatforms) = postSolution
		{B646C26F-6ECB-4994-9A49-4DD5BA08AEF5}.Debug|Any CPU.ActiveCfg = Debug|Any CPU
		{B646C26F-6ECB-4994-9A49-4DD5BA08AEF5}.Debug|Any CPU.Build.0 = Debug|Any CPU
		{B646C26F-6ECB-4994-9A49-4DD5BA08AEF5}.Release|Any CPU.ActiveCfg = Release|Any CPU
		{B646C26F-6ECB-4994-9A49-4DD5BA08AEF5}.Release|Any CPU.Build.0 = Release|Any CPU
	EndGlobalSection
	GlobalSection(SolutionProperties) = preSolution
		HideSolutionNode = FALSE
	EndGlobalSection
	GlobalSection(ExtensibilityGlobals) = postSolution
		SolutionGuid = {A4643784-5428-463B-A2E2-C0181E5C1F6E}
	EndGlobalSection
EndGlobal
