
Microsoft Visual Studio Solution File, Format Version 12.00
# Visual Studio Version 17
VisualStudioVersion = 17.5.33530.505
MinimumVisualStudioVersion = 10.0.40219.1
Project("{FAE04EC0-301F-11D3-BF4B-00C04F79EFBC}") = "WinFormsApp1", "WinFormsApp1.csproj", "{1635E32D-5C30-4628-BE0D-BFE7E2A921CF}"
EndProject
Global
	GlobalSection(SolutionConfigurationPlatforms) = preSolution
		Debug|Any CPU = Debug|Any CPU
		Release|Any CPU = Release|Any CPU
	EndGlobalSection
	GlobalSection(ProjectConfigurationPlatforms) = postSolution
		{1635E32D-5C30-4628-BE0D-BFE7E2A921CF}.Debug|Any CPU.ActiveCfg = Debug|Any CPU
		{1635E32D-5C30-4628-BE0D-BFE7E2A921CF}.Debug|Any CPU.Build.0 = Debug|Any CPU
		{1635E32D-5C30-4628-BE0D-BFE7E2A921CF}.Release|Any CPU.ActiveCfg = Release|Any CPU
		{1635E32D-5C30-4628-BE0D-BFE7E2A921CF}.Release|Any CPU.Build.0 = Release|Any CPU
	EndGlobalSection
	GlobalSection(SolutionProperties) = preSolution
		HideSolutionNode = FALSE
	EndGlobalSection
	GlobalSection(ExtensibilityGlobals) = postSolution
		SolutionGuid = {5796DF4F-B175-4ED2-A142-8F6FBEBAACDF}
	EndGlobalSection
EndGlobal
