
Microsoft Visual Studio Solution File, Format Version 12.00
# Visual Studio Version 17
VisualStudioVersion = 17.5.33530.505
MinimumVisualStudioVersion = 10.0.40219.1
Project("{FAE04EC0-301F-11D3-BF4B-00C04F79EFBC}") = "InroEFCore", "InroEFCore.csproj", "{0F72EC21-655E-4DC2-80A8-1427F459205C}"
EndProject
Global
	GlobalSection(SolutionConfigurationPlatforms) = preSolution
		Debug|Any CPU = Debug|Any CPU
		Release|Any CPU = Release|Any CPU
	EndGlobalSection
	GlobalSection(ProjectConfigurationPlatforms) = postSolution
		{0F72EC21-655E-4DC2-80A8-1427F459205C}.Debug|Any CPU.ActiveCfg = Debug|Any CPU
		{0F72EC21-655E-4DC2-80A8-1427F459205C}.Debug|Any CPU.Build.0 = Debug|Any CPU
		{0F72EC21-655E-4DC2-80A8-1427F459205C}.Release|Any CPU.ActiveCfg = Release|Any CPU
		{0F72EC21-655E-4DC2-80A8-1427F459205C}.Release|Any CPU.Build.0 = Release|Any CPU
	EndGlobalSection
	GlobalSection(SolutionProperties) = preSolution
		HideSolutionNode = FALSE
	EndGlobalSection
	GlobalSection(ExtensibilityGlobals) = postSolution
		SolutionGuid = {3AE2B36B-97FD-4B1A-9EF6-51B11CE71E02}
	EndGlobalSection
EndGlobal
