
Microsoft Visual Studio Solution File, Format Version 12.00
# Visual Studio Version 17
VisualStudioVersion = 17.5.33424.131
MinimumVisualStudioVersion = 10.0.40219.1
Project("{FAE04EC0-301F-11D3-BF4B-00C04F79EFBC}") = "Task7InterfaceSegregationPrinciple", "Task7InterfaceSegregationPrinciple\Task7InterfaceSegregationPrinciple.csproj", "{6B206CC6-2DE2-44FC-AE75-9D8D09D3F719}"
EndProject
Global
	GlobalSection(SolutionConfigurationPlatforms) = preSolution
		Debug|Any CPU = Debug|Any CPU
		Release|Any CPU = Release|Any CPU
	EndGlobalSection
	GlobalSection(ProjectConfigurationPlatforms) = postSolution
		{6B206CC6-2DE2-44FC-AE75-9D8D09D3F719}.Debug|Any CPU.ActiveCfg = Debug|Any CPU
		{6B206CC6-2DE2-44FC-AE75-9D8D09D3F719}.Debug|Any CPU.Build.0 = Debug|Any CPU
		{6B206CC6-2DE2-44FC-AE75-9D8D09D3F719}.Release|Any CPU.ActiveCfg = Release|Any CPU
		{6B206CC6-2DE2-44FC-AE75-9D8D09D3F719}.Release|Any CPU.Build.0 = Release|Any CPU
	EndGlobalSection
	GlobalSection(SolutionProperties) = preSolution
		HideSolutionNode = FALSE
	EndGlobalSection
	GlobalSection(ExtensibilityGlobals) = postSolution
		SolutionGuid = {9E0010FC-F250-4C8F-98DC-6DCF490F7D13}
	EndGlobalSection
EndGlobal
